
Microsoft Visual Studio Solution File, Format Version 12.00
# Visual Studio 15
VisualStudioVersion = 15.0.28307.1000
MinimumVisualStudioVersion = 10.0.40219.1
Project("{FAE04EC0-301F-11D3-BF4B-00C04F79EFBC}") = "OhmValueCalculatorApp", "OhmValueCalculatorApp\OhmValueCalculatorApp.csproj", "{09587D0C-1B5D-4357-87CE-8B24DBDCB41C}"
EndProject
Project("{FAE04EC0-301F-11D3-BF4B-00C04F79EFBC}") = "OhmValueUnitTest", "OhmValueUnitTest\OhmValueUnitTest.csproj", "{DD7290BC-7C82-4AA0-B06E-F4ED00CFA7C1}"
EndProject
Global
	GlobalSection(SolutionConfigurationPlatforms) = preSolution
		Debug|Any CPU = Debug|Any CPU
		Release|Any CPU = Release|Any CPU
	EndGlobalSection
	GlobalSection(ProjectConfigurationPlatforms) = postSolution
		{09587D0C-1B5D-4357-87CE-8B24DBDCB41C}.Debug|Any CPU.ActiveCfg = Debug|Any CPU
		{09587D0C-1B5D-4357-87CE-8B24DBDCB41C}.Debug|Any CPU.Build.0 = Debug|Any CPU
		{09587D0C-1B5D-4357-87CE-8B24DBDCB41C}.Release|Any CPU.ActiveCfg = Release|Any CPU
		{09587D0C-1B5D-4357-87CE-8B24DBDCB41C}.Release|Any CPU.Build.0 = Release|Any CPU
		{DD7290BC-7C82-4AA0-B06E-F4ED00CFA7C1}.Debug|Any CPU.ActiveCfg = Debug|Any CPU
		{DD7290BC-7C82-4AA0-B06E-F4ED00CFA7C1}.Debug|Any CPU.Build.0 = Debug|Any CPU
		{DD7290BC-7C82-4AA0-B06E-F4ED00CFA7C1}.Release|Any CPU.ActiveCfg = Release|Any CPU
		{DD7290BC-7C82-4AA0-B06E-F4ED00CFA7C1}.Release|Any CPU.Build.0 = Release|Any CPU
	EndGlobalSection
	GlobalSection(SolutionProperties) = preSolution
		HideSolutionNode = FALSE
	EndGlobalSection
	GlobalSection(ExtensibilityGlobals) = postSolution
		SolutionGuid = {F5C6425D-40AA-4912-ADD1-EC5207D55893}
	EndGlobalSection
EndGlobal
